// !$*UTF8*$!
{
	archiveVersion = 1;
	classes = {
	};
	objectVersion = 56;
	objects = {

/* Begin PBXBuildFile section */
		DF5DE00B2B24D62D0080DB33 /* VisualizeSortsApp.swift in Sources */ = {isa = PBXBuildFile; fileRef = DF5DE00A2B24D62D0080DB33 /* VisualizeSortsApp.swift */; };
		DF5DE00D2B24D62D0080DB33 /* ContentView.swift in Sources */ = {isa = PBXBuildFile; fileRef = DF5DE00C2B24D62D0080DB33 /* ContentView.swift */; };
		DF5DE00F2B24D62E0080DB33 /* Assets.xcassets in Resources */ = {isa = PBXBuildFile; fileRef = DF5DE00E2B24D62E0080DB33 /* Assets.xcassets */; };
		DF5DE0122B24D62E0080DB33 /* Preview Assets.xcassets in Resources */ = {isa = PBXBuildFile; fileRef = DF5DE0112B24D62E0080DB33 /* Preview Assets.xcassets */; };
		DF5DE01A2B24D6910080DB33 /* SortValue.swift in Sources */ = {isa = PBXBuildFile; fileRef = DF5DE0192B24D6910080DB33 /* SortValue.swift */; };
		DF5DE01C2B24DA060080DB33 /* Algorithms.swift in Sources */ = {isa = PBXBuildFile; fileRef = DF5DE01B2B24DA060080DB33 /* Algorithms.swift */; };
/* End PBXBuildFile section */

/* Begin PBXFileReference section */
		DF5DE0072B24D62D0080DB33 /* VisualizeSorts.app */ = {isa = PBXFileReference; explicitFileType = wrapper.application; includeInIndex = 0; path = VisualizeSorts.app; sourceTree = BUILT_PRODUCTS_DIR; };
		DF5DE00A2B24D62D0080DB33 /* VisualizeSortsApp.swift */ = {isa = PBXFileReference; lastKnownFileType = sourcecode.swift; path = VisualizeSortsApp.swift; sourceTree = "<group>"; };
		DF5DE00C2B24D62D0080DB33 /* ContentView.swift */ = {isa = PBXFileReference; lastKnownFileType = sourcecode.swift; path = ContentView.swift; sourceTree = "<group>"; };
		DF5DE00E2B24D62E0080DB33 /* Assets.xcassets */ = {isa = PBXFileReference; lastKnownFileType = folder.assetcatalog; path = Assets.xcassets; sourceTree = "<group>"; };
		DF5DE0112B24D62E0080DB33 /* Preview Assets.xcassets */ = {isa = PBXFileReference; lastKnownFileType = folder.assetcatalog; path = "Preview Assets.xcassets"; sourceTree = "<group>"; };
		DF5DE0132B24D62E0080DB33 /* VisualizeSorts.entitlements */ = {isa = PBXFileReference; lastKnownFileType = text.plist.entitlements; path = VisualizeSorts.entitlements; sourceTree = "<group>"; };
		DF5DE0192B24D6910080DB33 /* SortValue.swift */ = {isa = PBXFileReference; lastKnownFileType = sourcecode.swift; path = SortValue.swift; sourceTree = "<group>"; };
		DF5DE01B2B24DA060080DB33 /* Algorithms.swift */ = {isa = PBXFileReference; lastKnownFileType = sourcecode.swift; path = Algorithms.swift; sourceTree = "<group>"; };
/* End PBXFileReference section */

/* Begin PBXFrameworksBuildPhase section */
		DF5DE0042B24D62D0080DB33 /* Frameworks */ = {
			isa = PBXFrameworksBuildPhase;
			buildActionMask = 2147483647;
			files = (
			);
			runOnlyForDeploymentPostprocessing = 0;
		};
/* End PBXFrameworksBuildPhase section */

/* Begin PBXGroup section */
		DF5DDFFE2B24D62D0080DB33 = {
			isa = PBXGroup;
			children = (
				DF5DE0092B24D62D0080DB33 /* VisualizeSorts */,
				DF5DE0082B24D62D0080DB33 /* Products */,
			);
			sourceTree = "<group>";
		};
		DF5DE0082B24D62D0080DB33 /* Products */ = {
			isa = PBXGroup;
			children = (
				DF5DE0072B24D62D0080DB33 /* VisualizeSorts.app */,
			);
			name = Products;
			sourceTree = "<group>";
		};
		DF5DE0092B24D62D0080DB33 /* VisualizeSorts */ = {
			isa = PBXGroup;
			children = (
				DF5DE00A2B24D62D0080DB33 /* VisualizeSortsApp.swift */,
				DF5DE01B2B24DA060080DB33 /* Algorithms.swift */,
				DF5DE00C2B24D62D0080DB33 /* ContentView.swift */,
				DF5DE0192B24D6910080DB33 /* SortValue.swift */,
				DF5DE00E2B24D62E0080DB33 /* Assets.xcassets */,
				DF5DE0132B24D62E0080DB33 /* VisualizeSorts.entitlements */,
				DF5DE0102B24D62E0080DB33 /* Preview Content */,
			);
			path = VisualizeSorts;
			sourceTree = "<group>";
		};
		DF5DE0102B24D62E0080DB33 /* Preview Content */ = {
			isa = PBXGroup;
			children = (
				DF5DE0112B24D62E0080DB33 /* Preview Assets.xcassets */,
			);
			path = "Preview Content";
			sourceTree = "<group>";
		};
/* End PBXGroup section */

/* Begin PBXNativeTarget section */
		DF5DE0062B24D62D0080DB33 /* VisualizeSorts */ = {
			isa = PBXNativeTarget;
			buildConfigurationList = DF5DE0162B24D62E0080DB33 /* Build configuration list for PBXNativeTarget "VisualizeSorts" */;
			buildPhases = (
				DF5DE0032B24D62D0080DB33 /* Sources */,
				DF5DE0042B24D62D0080DB33 /* Frameworks */,
				DF5DE0052B24D62D0080DB33 /* Resources */,
			);
			buildRules = (
			);
			dependencies = (
			);
			name = VisualizeSorts;
			productName = VisualizeSorts;
			productReference = DF5DE0072B24D62D0080DB33 /* VisualizeSorts.app */;
			productType = "com.apple.product-type.application";
		};
/* End PBXNativeTarget section */

/* Begin PBXProject section */
		DF5DDFFF2B24D62D0080DB33 /* Project object */ = {
			isa = PBXProject;
			attributes = {
				BuildIndependentTargetsInParallel = 1;
				LastSwiftUpdateCheck = 1500;
				LastUpgradeCheck = 1500;
				TargetAttributes = {
					DF5DE0062B24D62D0080DB33 = {
						CreatedOnToolsVersion = 15.0.1;
					};
				};
			};
			buildConfigurationList = DF5DE0022B24D62D0080DB33 /* Build configuration list for PBXProject "VisualizeSorts" */;
			compatibilityVersion = "Xcode 14.0";
			developmentRegion = en;
			hasScannedForEncodings = 0;
			knownRegions = (
				en,
				Base,
			);
			mainGroup = DF5DDFFE2B24D62D0080DB33;
			productRefGroup = DF5DE0082B24D62D0080DB33 /* Products */;
			projectDirPath = "";
			projectRoot = "";
			targets = (
				DF5DE0062B24D62D0080DB33 /* VisualizeSorts */,
			);
		};
/* End PBXProject section */

/* Begin PBXResourcesBuildPhase section */
		DF5DE0052B24D62D0080DB33 /* Resources */ = {
			isa = PBXResourcesBuildPhase;
			buildActionMask = 2147483647;
			files = (
				DF5DE0122B24D62E0080DB33 /* Preview Assets.xcassets in Resources */,
				DF5DE00F2B24D62E0080DB33 /* Assets.xcassets in Resources */,
			);
			runOnlyForDeploymentPostprocessing = 0;
		};
/* End PBXResourcesBuildPhase section */

/* Begin PBXSourcesBuildPhase section */
		DF5DE0032B24D62D0080DB33 /* Sources */ = {
			isa = PBXSourcesBuildPhase;
			buildActionMask = 2147483647;
			files = (
				DF5DE01A2B24D6910080DB33 /* SortValue.swift in Sources */,
				DF5DE01C2B24DA060080DB33 /* Algorithms.swift in Sources */,
				DF5DE00D2B24D62D0080DB33 /* ContentView.swift in Sources */,
				DF5DE00B2B24D62D0080DB33 /* VisualizeSortsApp.swift in Sources */,
			);
			runOnlyForDeploymentPostprocessing = 0;
		};
/* End PBXSourcesBuildPhase section */

/* Begin XCBuildConfiguration section */
		DF5DE0142B24D62E0080DB33 /* Debug */ = {
			isa = XCBuildConfiguration;
			buildSettings = {
				ALWAYS_SEARCH_USER_PATHS = NO;
				ASSETCATALOG_COMPILER_GENERATE_SWIFT_ASSET_SYMBOL_EXTENSIONS = YES;
				CLANG_ANALYZER_NONNULL = YES;
				CLANG_ANALYZER_NUMBER_OBJECT_CONVERSION = YES_AGGRESSIVE;
				CLANG_CXX_LANGUAGE_STANDARD = "gnu++20";
				CLANG_ENABLE_MODULES = YES;
				CLANG_ENABLE_OBJC_ARC = YES;
				CLANG_ENABLE_OBJC_WEAK = YES;
				CLANG_WARN_BLOCK_CAPTURE_AUTORELEASING = YES;
				CLANG_WARN_BOOL_CONVERSION = YES;
				CLANG_WARN_COMMA = YES;
				CLANG_WARN_CONSTANT_CONVERSION = YES;
				CLANG_WARN_DEPRECATED_OBJC_IMPLEMENTATIONS = YES;
				CLANG_WARN_DIRECT_OBJC_ISA_USAGE = YES_ERROR;
				CLANG_WARN_DOCUMENTATION_COMMENTS = YES;
				CLANG_WARN_EMPTY_BODY = YES;
				CLANG_WARN_ENUM_CONVERSION = YES;
				CLANG_WARN_INFINITE_RECURSION = YES;
				CLANG_WARN_INT_CONVERSION = YES;
				CLANG_WARN_NON_LITERAL_NULL_CONVERSION = YES;
				CLANG_WARN_OBJC_IMPLICIT_RETAIN_SELF = YES;
				CLANG_WARN_OBJC_LITERAL_CONVERSION = YES;
				CLANG_WARN_OBJC_ROOT_CLASS = YES_ERROR;
				CLANG_WARN_QUOTED_INCLUDE_IN_FRAMEWORK_HEADER = YES;
				CLANG_WARN_RANGE_LOOP_ANALYSIS = YES;
				CLANG_WARN_STRICT_PROTOTYPES = YES;
				CLANG_WARN_SUSPICIOUS_MOVE = YES;
				CLANG_WARN_UNGUARDED_AVAILABILITY = YES_AGGRESSIVE;
				CLANG_WARN_UNREACHABLE_CODE = YES;
				CLANG_WARN__DUPLICATE_METHOD_MATCH = YES;
				COPY_PHASE_STRIP = NO;
				DEBUG_INFORMATION_FORMAT = dwarf;
				ENABLE_STRICT_OBJC_MSGSEND = YES;
				ENABLE_TESTABILITY = YES;
				ENABLE_USER_SCRIPT_SANDBOXING = YES;
				GCC_C_LANGUAGE_STANDARD = gnu17;
				GCC_DYNAMIC_NO_PIC = NO;
				GCC_NO_COMMON_BLOCKS = YES;
				GCC_OPTIMIZATION_LEVEL = 0;
				GCC_PREPROCESSOR_DEFINITIONS = (
					"DEBUG=1",
					"$(inherited)",
				);
				GCC_WARN_64_TO_32_BIT_CONVERSION = YES;
				GCC_WARN_ABOUT_RETURN_TYPE = YES_ERROR;
				GCC_WARN_UNDECLARED_SELECTOR = YES;
				GCC_WARN_UNINITIALIZED_AUTOS = YES_AGGRESSIVE;
				GCC_WARN_UNUSED_FUNCTION = YES;
				GCC_WARN_UNUSED_VARIABLE = YES;
				LOCALIZATION_PREFERS_STRING_CATALOGS = YES;
				MACOSX_DEPLOYMENT_TARGET = 14.0;
				MTL_ENABLE_DEBUG_INFO = INCLUDE_SOURCE;
				MTL_FAST_MATH = YES;
				ONLY_ACTIVE_ARCH = YES;
				SDKROOT = macosx;
				SWIFT_ACTIVE_COMPILATION_CONDITIONS = "DEBUG $(inherited)";
				SWIFT_OPTIMIZATION_LEVEL = "-Onone";
			};
			name = Debug;
		};
		DF5DE0152B24D62E0080DB33 /* Release */ = {
			isa = XCBuildConfiguration;
			buildSettings = {
				ALWAYS_SEARCH_USER_PATHS = NO;
				ASSETCATALOG_COMPILER_GENERATE_SWIFT_ASSET_SYMBOL_EXTENSIONS = YES;
				CLANG_ANALYZER_NONNULL = YES;
				CLANG_ANALYZER_NUMBER_OBJECT_CONVERSION = YES_AGGRESSIVE;
				CLANG_CXX_LANGUAGE_STANDARD = "gnu++20";
				CLANG_ENABLE_MODULES = YES;
				CLANG_ENABLE_OBJC_ARC = YES;
				CLANG_ENABLE_OBJC_WEAK = YES;
				CLANG_WARN_BLOCK_CAPTURE_AUTORELEASING = YES;
				CLANG_WARN_BOOL_CONVERSION = YES;
				CLANG_WARN_COMMA = YES;
				CLANG_WARN_CONSTANT_CONVERSION = YES;
				CLANG_WARN_DEPRECATED_OBJC_IMPLEMENTATIONS = YES;
				CLANG_WARN_DIRECT_OBJC_ISA_USAGE = YES_ERROR;
				CLANG_WARN_DOCUMENTATION_COMMENTS = YES;
				CLANG_WARN_EMPTY_BODY = YES;
				CLANG_WARN_ENUM_CONVERSION = YES;
				CLANG_WARN_INFINITE_RECURSION = YES;
				CLANG_WARN_INT_CONVERSION = YES;
				CLANG_WARN_NON_LITERAL_NULL_CONVERSION = YES;
				CLANG_WARN_OBJC_IMPLICIT_RETAIN_SELF = YES;
				CLANG_WARN_OBJC_LITERAL_CONVERSION = YES;
				CLANG_WARN_OBJC_ROOT_CLASS = YES_ERROR;
				CLANG_WARN_QUOTED_INCLUDE_IN_FRAMEWORK_HEADER = YES;
				CLANG_WARN_RANGE_LOOP_ANALYSIS = YES;
				CLANG_WARN_STRICT_PROTOTYPES = YES;
				CLANG_WARN_SUSPICIOUS_MOVE = YES;
				CLANG_WARN_UNGUARDED_AVAILABILITY = YES_AGGRESSIVE;
				CLANG_WARN_UNREACHABLE_CODE = YES;
				CLANG_WARN__DUPLICATE_METHOD_MATCH = YES;
				COPY_PHASE_STRIP = NO;
				DEBUG_INFORMATION_FORMAT = "dwarf-with-dsym";
				ENABLE_NS_ASSERTIONS = NO;
				ENABLE_STRICT_OBJC_MSGSEND = YES;
				ENABLE_USER_SCRIPT_SANDBOXING = YES;
				GCC_C_LANGUAGE_STANDARD = gnu17;
				GCC_NO_COMMON_BLOCKS = YES;
				GCC_WARN_64_TO_32_BIT_CONVERSION = YES;
				GCC_WARN_ABOUT_RETURN_TYPE = YES_ERROR;
				GCC_WARN_UNDECLARED_SELECTOR = YES;
				GCC_WARN_UNINITIALIZED_AUTOS = YES_AGGRESSIVE;
				GCC_WARN_UNUSED_FUNCTION = YES;
				GCC_WARN_UNUSED_VARIABLE = YES;
				LOCALIZATION_PREFERS_STRING_CATALOGS = YES;
				MACOSX_DEPLOYMENT_TARGET = 14.0;
				MTL_ENABLE_DEBUG_INFO = NO;
				MTL_FAST_MATH = YES;
				SDKROOT = macosx;
				SWIFT_COMPILATION_MODE = wholemodule;
			};
			name = Release;
		};
		DF5DE0172B24D62E0080DB33 /* Debug */ = {
			isa = XCBuildConfiguration;
			buildSettings = {
				ASSETCATALOG_COMPILER_APPICON_NAME = AppIcon;
				ASSETCATALOG_COMPILER_GLOBAL_ACCENT_COLOR_NAME = AccentColor;
				CODE_SIGN_ENTITLEMENTS = VisualizeSorts/VisualizeSorts.entitlements;
				CODE_SIGN_STYLE = Automatic;
				COMBINE_HIDPI_IMAGES = YES;
				CURRENT_PROJECT_VERSION = 1;
				DEVELOPMENT_ASSET_PATHS = "\"VisualizeSorts/Preview Content\"";
				DEVELOPMENT_TEAM = Q73WC8F3KU;
				ENABLE_HARDENED_RUNTIME = YES;
				ENABLE_PREVIEWS = YES;
				GENERATE_INFOPLIST_FILE = YES;
				INFOPLIST_KEY_NSHumanReadableCopyright = "";
				LD_RUNPATH_SEARCH_PATHS = (
					"$(inherited)",
					"@executable_path/../Frameworks",
				);
				MARKETING_VERSION = 1.0;
				PRODUCT_BUNDLE_IDENTIFIER = com.fishpeopleapps.VisualizeSorts;
				PRODUCT_NAME = "$(TARGET_NAME)";
				SWIFT_EMIT_LOC_STRINGS = YES;
				SWIFT_VERSION = 5.0;
			};
			name = Debug;
		};
		DF5DE0182B24D62E0080DB33 /* Release */ = {
			isa = XCBuildConfiguration;
			buildSettings = {
				ASSETCATALOG_COMPILER_APPICON_NAME = AppIcon;
				ASSETCATALOG_COMPILER_GLOBAL_ACCENT_COLOR_NAME = AccentColor;
				CODE_SIGN_ENTITLEMENTS = VisualizeSorts/VisualizeSorts.entitlements;
				CODE_SIGN_STYLE = Automatic;
				COMBINE_HIDPI_IMAGES = YES;
				CURRENT_PROJECT_VERSION = 1;
				DEVELOPMENT_ASSET_PATHS = "\"VisualizeSorts/Preview Content\"";
				DEVELOPMENT_TEAM = Q73WC8F3KU;
				ENABLE_HARDENED_RUNTIME = YES;
				ENABLE_PREVIEWS = YES;
				GENERATE_INFOPLIST_FILE = YES;
				INFOPLIST_KEY_NSHumanReadableCopyright = "";
				LD_RUNPATH_SEARCH_PATHS = (
					"$(inherited)",
					"@executable_path/../Frameworks",
				);
				MARKETING_VERSION = 1.0;
				PRODUCT_BUNDLE_IDENTIFIER = com.fishpeopleapps.VisualizeSorts;
				PRODUCT_NAME = "$(TARGET_NAME)";
				SWIFT_EMIT_LOC_STRINGS = YES;
				SWIFT_VERSION = 5.0;
			};
			name = Release;
		};
/* End XCBuildConfiguration section */

/* Begin XCConfigurationList section */
		DF5DE0022B24D62D0080DB33 /* Build configuration list for PBXProject "VisualizeSorts" */ = {
			isa = XCConfigurationList;
			buildConfigurations = (
				DF5DE0142B24D62E0080DB33 /* Debug */,
				DF5DE0152B24D62E0080DB33 /* Release */,
			);
			defaultConfigurationIsVisible = 0;
			defaultConfigurationName = Release;
		};
		DF5DE0162B24D62E0080DB33 /* Build configuration list for PBXNativeTarget "VisualizeSorts" */ = {
			isa = XCConfigurationList;
			buildConfigurations = (
				DF5DE0172B24D62E0080DB33 /* Debug */,
				DF5DE0182B24D62E0080DB33 /* Release */,
			);
			defaultConfigurationIsVisible = 0;
			defaultConfigurationName = Release;
		};
/* End XCConfigurationList section */
	};
	rootObject = DF5DDFFF2B24D62D0080DB33 /* Project object */;
}
